
Microsoft Visual Studio Solution File, Format Version 12.00
# Visual Studio Version 16
VisualStudioVersion = 16.0.29613.14
MinimumVisualStudioVersion = 10.0.40219.1
Project("{FAE04EC0-301F-11D3-BF4B-00C04F79EFBC}") = "ServerManager.Rest", "ServerManager.Rest\ServerManager.Rest.csproj", "{1B3D4216-8330-400E-B764-99A22D60C2BB}"
EndProject
Global
	GlobalSection(SolutionConfigurationPlatforms) = preSolution
		Debug|Any CPU = Debug|Any CPU
		Release|Any CPU = Release|Any CPU
	EndGlobalSection
	GlobalSection(ProjectConfigurationPlatforms) = postSolution
		{1B3D4216-8330-400E-B764-99A22D60C2BB}.Debug|Any CPU.ActiveCfg = Debug|Any CPU
		{1B3D4216-8330-400E-B764-99A22D60C2BB}.Debug|Any CPU.Build.0 = Debug|Any CPU
		{1B3D4216-8330-400E-B764-99A22D60C2BB}.Release|Any CPU.ActiveCfg = Release|Any CPU
		{1B3D4216-8330-400E-B764-99A22D60C2BB}.Release|Any CPU.Build.0 = Release|Any CPU
	EndGlobalSection
	GlobalSection(SolutionProperties) = preSolution
		HideSolutionNode = FALSE
	EndGlobalSection
	GlobalSection(ExtensibilityGlobals) = postSolution
		SolutionGuid = {25519370-8D2B-4738-A9F9-949E671344B1}
	EndGlobalSection
EndGlobal
